{
  "name": "mle-js-tests",
  "version": "23.8.0",
  "lockfileVersion": 3,
  "requires": true,
  "packages": {
    "": {
      "name": "mle-js-tests",
      "version": "23.8.0",
      "license": "UPL-1.0",
      "devDependencies": {
        "@types/mle-js": "file:.."
      }
    },
    "..": {
      "version": "23.8.0",
      "dev": true,
      "license": "UPL-1.0"
    },
    "node_modules/@types/mle-js": {
      "resolved": "..",
      "link": true
    }
  }
}
